<?xml version="1.0" encoding="UTF-8"?>
<!DOCTYPE plist PUBLIC "-//Apple//DTD PLIST 1.0//EN" "http://www.apple.com/DTDs/PropertyList-1.0.dtd">
<plist version="1.0">
<dict>
	<key>archiveVersion</key>
	<string>1</string>
	<key>classes</key>
	<dict/>
	<key>objectVersion</key>
	<string>46</string>
	<key>objects</key>
	<dict>
		<key>0DCD06ABB2274F9188B88189</key>
		<dict>
			<key>includeInIndex</key>
			<string>1</string>
			<key>isa</key>
			<string>PBXFileReference</string>
			<key>lastKnownFileType</key>
			<string>text.xcconfig</string>
			<key>name</key>
			<string>Pods.xcconfig</string>
			<key>path</key>
			<string>../Pods/Pods.xcconfig</string>
			<key>sourceTree</key>
			<string>&lt;group&gt;</string>
		</dict>
		<key>3AA329B518839EFC00548901</key>
		<dict>
			<key>children</key>
			<array>
				<string>3AA329C918839EFC00548901</string>
				<string>3AA329E618839EFC00548901</string>
				<string>3AA329C018839EFC00548901</string>
				<string>3AA329BF18839EFC00548901</string>
				<string>0DCD06ABB2274F9188B88189</string>
			</array>
			<key>isa</key>
			<string>PBXGroup</string>
			<key>sourceTree</key>
			<string>&lt;group&gt;</string>
		</dict>
		<key>3AA329B618839EFC00548901</key>
		<dict>
			<key>attributes</key>
			<dict>
				<key>LastUpgradeCheck</key>
				<string>0500</string>
				<key>ORGANIZATIONNAME</key>
				<string>rializer</string>
				<key>TargetAttributes</key>
				<dict>
					<key>3AA329DD18839EFC00548901</key>
					<dict>
						<key>TestTargetID</key>
						<string>3AA329BD18839EFC00548901</string>
					</dict>
				</dict>
			</dict>
			<key>buildConfigurationList</key>
			<string>3AA329B918839EFC00548901</string>
			<key>compatibilityVersion</key>
			<string>Xcode 3.2</string>
			<key>developmentRegion</key>
			<string>English</string>
			<key>hasScannedForEncodings</key>
			<string>0</string>
			<key>isa</key>
			<string>PBXProject</string>
			<key>knownRegions</key>
			<array>
				<string>en</string>
			</array>
			<key>mainGroup</key>
			<string>3AA329B518839EFC00548901</string>
			<key>productRefGroup</key>
			<string>3AA329BF18839EFC00548901</string>
			<key>projectDirPath</key>
			<string></string>
			<key>projectReferences</key>
			<array/>
			<key>projectRoot</key>
			<string></string>
			<key>targets</key>
			<array>
				<string>3AA329BD18839EFC00548901</string>
				<string>3AA329DD18839EFC00548901</string>
			</array>
		</dict>
		<key>3AA329B918839EFC00548901</key>
		<dict>
			<key>buildConfigurations</key>
			<array>
				<string>3AA329EE18839EFC00548901</string>
				<string>3AA329EF18839EFC00548901</string>
			</array>
			<key>defaultConfigurationIsVisible</key>
			<string>0</string>
			<key>defaultConfigurationName</key>
			<string>Release</string>
			<key>isa</key>
			<string>XCConfigurationList</string>
		</dict>
		<key>3AA329BA18839EFC00548901</key>
		<dict>
			<key>buildActionMask</key>
			<string>2147483647</string>
			<key>files</key>
			<array>
				<string>3AA32A4818839F3F00548901</string>
				<string>3AA32A3A18839F3F00548901</string>
				<string>3AA32A3E18839F3F00548901</string>
				<string>3AA32A4E18839F3F00548901</string>
				<string>3AA32A6618839FE600548901</string>
				<string>3AA32A4618839F3F00548901</string>
				<string>3AA32A4218839F3F00548901</string>
				<string>3AA32A5618839F3F00548901</string>
				<string>3AA32A4C18839F3F00548901</string>
				<string>3AA32A5018839F3F00548901</string>
				<string>3AA32A6018839FA000548901</string>
				<string>3AA32A3618839F3F00548901</string>
				<string>3AA32A5818839F3F00548901</string>
				<string>3AA32A4A18839F3F00548901</string>
				<string>3AA32A3C18839F3F00548901</string>
				<string>3AA329D418839EFC00548901</string>
				<string>3AA32A3218839F3F00548901</string>
				<string>3AA329D718839EFC00548901</string>
				<string>3AA32A4018839F3F00548901</string>
				<string>3AA32A3418839F3F00548901</string>
				<string>3AA32A4418839F3F00548901</string>
				<string>3AA32A6A1883A11600548901</string>
				<string>3AA32A3818839F3F00548901</string>
				<string>3AA329D018839EFC00548901</string>
			</array>
			<key>isa</key>
			<string>PBXSourcesBuildPhase</string>
			<key>runOnlyForDeploymentPostprocessing</key>
			<string>0</string>
		</dict>
		<key>3AA329BB18839EFC00548901</key>
		<dict>
			<key>buildActionMask</key>
			<string>2147483647</string>
			<key>files</key>
			<array>
				<string>3AA329C418839EFC00548901</string>
				<string>3AA329C818839EFC00548901</string>
				<string>3AA329C618839EFC00548901</string>
				<string>3AA329C218839EFC00548901</string>
				<string>B39552C2B8B84D2C91958419</string>
			</array>
			<key>isa</key>
			<string>PBXFrameworksBuildPhase</string>
			<key>runOnlyForDeploymentPostprocessing</key>
			<string>0</string>
		</dict>
		<key>3AA329BC18839EFC00548901</key>
		<dict>
			<key>buildActionMask</key>
			<string>2147483647</string>
			<key>files</key>
			<array>
				<string>3AA329CE18839EFC00548901</string>
				<string>3AA329D918839EFC00548901</string>
			</array>
			<key>isa</key>
			<string>PBXResourcesBuildPhase</string>
			<key>runOnlyForDeploymentPostprocessing</key>
			<string>0</string>
		</dict>
		<key>3AA329BD18839EFC00548901</key>
		<dict>
			<key>buildConfigurationList</key>
			<string>3AA329F018839EFC00548901</string>
			<key>buildPhases</key>
			<array>
				<string>4098B2DD7991419F8CF65FE8</string>
				<string>3AA329BA18839EFC00548901</string>
				<string>3AA329BB18839EFC00548901</string>
				<string>3AA329BC18839EFC00548901</string>
				<string>562AF8D3B6854EF6ACEF49A2</string>
			</array>
			<key>buildRules</key>
			<array/>
			<key>dependencies</key>
			<array/>
			<key>isa</key>
			<string>PBXNativeTarget</string>
			<key>name</key>
			<string>FBxplr</string>
			<key>productName</key>
			<string>FBxplr</string>
			<key>productReference</key>
			<string>3AA329BE18839EFC00548901</string>
			<key>productType</key>
			<string>com.apple.product-type.application</string>
		</dict>
		<key>3AA329BE18839EFC00548901</key>
		<dict>
			<key>explicitFileType</key>
			<string>wrapper.application</string>
			<key>includeInIndex</key>
			<string>0</string>
			<key>isa</key>
			<string>PBXFileReference</string>
			<key>path</key>
			<string>FBxplr.app</string>
			<key>sourceTree</key>
			<string>BUILT_PRODUCTS_DIR</string>
		</dict>
		<key>3AA329BF18839EFC00548901</key>
		<dict>
			<key>children</key>
			<array>
				<string>3AA329BE18839EFC00548901</string>
				<string>3AA329DE18839EFC00548901</string>
			</array>
			<key>isa</key>
			<string>PBXGroup</string>
			<key>name</key>
			<string>Products</string>
			<key>sourceTree</key>
			<string>&lt;group&gt;</string>
		</dict>
		<key>3AA329C018839EFC00548901</key>
		<dict>
			<key>children</key>
			<array>
				<string>3AA329C118839EFC00548901</string>
				<string>3AA329C318839EFC00548901</string>
				<string>3AA329C518839EFC00548901</string>
				<string>3AA329C718839EFC00548901</string>
				<string>3AA329DF18839EFC00548901</string>
				<string>919C961D60A644F3A8C506C0</string>
			</array>
			<key>isa</key>
			<string>PBXGroup</string>
			<key>name</key>
			<string>Frameworks</string>
			<key>sourceTree</key>
			<string>&lt;group&gt;</string>
		</dict>
		<key>3AA329C118839EFC00548901</key>
		<dict>
			<key>isa</key>
			<string>PBXFileReference</string>
			<key>lastKnownFileType</key>
			<string>wrapper.framework</string>
			<key>name</key>
			<string>Foundation.framework</string>
			<key>path</key>
			<string>System/Library/Frameworks/Foundation.framework</string>
			<key>sourceTree</key>
			<string>SDKROOT</string>
		</dict>
		<key>3AA329C218839EFC00548901</key>
		<dict>
			<key>fileRef</key>
			<string>3AA329C118839EFC00548901</string>
			<key>isa</key>
			<string>PBXBuildFile</string>
		</dict>
		<key>3AA329C318839EFC00548901</key>
		<dict>
			<key>isa</key>
			<string>PBXFileReference</string>
			<key>lastKnownFileType</key>
			<string>wrapper.framework</string>
			<key>name</key>
			<string>CoreGraphics.framework</string>
			<key>path</key>
			<string>System/Library/Frameworks/CoreGraphics.framework</string>
			<key>sourceTree</key>
			<string>SDKROOT</string>
		</dict>
		<key>3AA329C418839EFC00548901</key>
		<dict>
			<key>fileRef</key>
			<string>3AA329C318839EFC00548901</string>
			<key>isa</key>
			<string>PBXBuildFile</string>
		</dict>
		<key>3AA329C518839EFC00548901</key>
		<dict>
			<key>isa</key>
			<string>PBXFileReference</string>
			<key>lastKnownFileType</key>
			<string>wrapper.framework</string>
			<key>name</key>
			<string>UIKit.framework</string>
			<key>path</key>
			<string>System/Library/Frameworks/UIKit.framework</string>
			<key>sourceTree</key>
			<string>SDKROOT</string>
		</dict>
		<key>3AA329C618839EFC00548901</key>
		<dict>
			<key>fileRef</key>
			<string>3AA329C518839EFC00548901</string>
			<key>isa</key>
			<string>PBXBuildFile</string>
		</dict>
		<key>3AA329C718839EFC00548901</key>
		<dict>
			<key>isa</key>
			<string>PBXFileReference</string>
			<key>lastKnownFileType</key>
			<string>wrapper.framework</string>
			<key>name</key>
			<string>CoreData.framework</string>
			<key>path</key>
			<string>System/Library/Frameworks/CoreData.framework</string>
			<key>sourceTree</key>
			<string>SDKROOT</string>
		</dict>
		<key>3AA329C818839EFC00548901</key>
		<dict>
			<key>fileRef</key>
			<string>3AA329C718839EFC00548901</string>
			<key>isa</key>
			<string>PBXBuildFile</string>
		</dict>
		<key>3AA329C918839EFC00548901</key>
		<dict>
			<key>children</key>
			<array>
				<string>3AA32A5A18839FA000548901</string>
				<string>3AA329F618839F3E00548901</string>
				<string>3AA329D218839EFC00548901</string>
				<string>3AA329D318839EFC00548901</string>
				<string>3AA329D818839EFC00548901</string>
				<string>3AA329D518839EFC00548901</string>
				<string>3AA329CA18839EFC00548901</string>
			</array>
			<key>isa</key>
			<string>PBXGroup</string>
			<key>path</key>
			<string>FBxplr</string>
			<key>sourceTree</key>
			<string>&lt;group&gt;</string>
		</dict>
		<key>3AA329CA18839EFC00548901</key>
		<dict>
			<key>children</key>
			<array>
				<string>3AA329CB18839EFC00548901</string>
				<string>3AA329CC18839EFC00548901</string>
				<string>3AA329CF18839EFC00548901</string>
				<string>3AA329D118839EFC00548901</string>
			</array>
			<key>isa</key>
			<string>PBXGroup</string>
			<key>name</key>
			<string>Supporting Files</string>
			<key>sourceTree</key>
			<string>&lt;group&gt;</string>
		</dict>
		<key>3AA329CB18839EFC00548901</key>
		<dict>
			<key>isa</key>
			<string>PBXFileReference</string>
			<key>lastKnownFileType</key>
			<string>text.plist.xml</string>
			<key>path</key>
			<string>FBxplr-Info.plist</string>
			<key>sourceTree</key>
			<string>&lt;group&gt;</string>
		</dict>
		<key>3AA329CC18839EFC00548901</key>
		<dict>
			<key>children</key>
			<array>
				<string>3AA329CD18839EFC00548901</string>
			</array>
			<key>isa</key>
			<string>PBXVariantGroup</string>
			<key>name</key>
			<string>InfoPlist.strings</string>
			<key>sourceTree</key>
			<string>&lt;group&gt;</string>
		</dict>
		<key>3AA329CD18839EFC00548901</key>
		<dict>
			<key>isa</key>
			<string>PBXFileReference</string>
			<key>lastKnownFileType</key>
			<string>text.plist.strings</string>
			<key>name</key>
			<string>en</string>
			<key>path</key>
			<string>en.lproj/InfoPlist.strings</string>
			<key>sourceTree</key>
			<string>&lt;group&gt;</string>
		</dict>
		<key>3AA329CE18839EFC00548901</key>
		<dict>
			<key>fileRef</key>
			<string>3AA329CC18839EFC00548901</string>
			<key>isa</key>
			<string>PBXBuildFile</string>
		</dict>
		<key>3AA329CF18839EFC00548901</key>
		<dict>
			<key>isa</key>
			<string>PBXFileReference</string>
			<key>lastKnownFileType</key>
			<string>sourcecode.c.objc</string>
			<key>path</key>
			<string>main.m</string>
			<key>sourceTree</key>
			<string>&lt;group&gt;</string>
		</dict>
		<key>3AA329D018839EFC00548901</key>
		<dict>
			<key>fileRef</key>
			<string>3AA329CF18839EFC00548901</string>
			<key>isa</key>
			<string>PBXBuildFile</string>
		</dict>
		<key>3AA329D118839EFC00548901</key>
		<dict>
			<key>isa</key>
			<string>PBXFileReference</string>
			<key>lastKnownFileType</key>
			<string>sourcecode.c.h</string>
			<key>path</key>
			<string>FBxplr-Prefix.pch</string>
			<key>sourceTree</key>
			<string>&lt;group&gt;</string>
		</dict>
		<key>3AA329D218839EFC00548901</key>
		<dict>
			<key>isa</key>
			<string>PBXFileReference</string>
			<key>lastKnownFileType</key>
			<string>sourcecode.c.h</string>
			<key>path</key>
			<string>AppDelegate.h</string>
			<key>sourceTree</key>
			<string>&lt;group&gt;</string>
		</dict>
		<key>3AA329D318839EFC00548901</key>
		<dict>
			<key>isa</key>
			<string>PBXFileReference</string>
			<key>lastKnownFileType</key>
			<string>sourcecode.c.objc</string>
			<key>path</key>
			<string>AppDelegate.m</string>
			<key>sourceTree</key>
			<string>&lt;group&gt;</string>
		</dict>
		<key>3AA329D418839EFC00548901</key>
		<dict>
			<key>fileRef</key>
			<string>3AA329D318839EFC00548901</string>
			<key>isa</key>
			<string>PBXBuildFile</string>
		</dict>
		<key>3AA329D518839EFC00548901</key>
		<dict>
			<key>children</key>
			<array>
				<string>3AA329D618839EFC00548901</string>
			</array>
			<key>currentVersion</key>
			<string>3AA329D618839EFC00548901</string>
			<key>isa</key>
			<string>XCVersionGroup</string>
			<key>path</key>
			<string>FBxplr.xcdatamodeld</string>
			<key>sourceTree</key>
			<string>&lt;group&gt;</string>
			<key>versionGroupType</key>
			<string>wrapper.xcdatamodel</string>
		</dict>
		<key>3AA329D618839EFC00548901</key>
		<dict>
			<key>isa</key>
			<string>PBXFileReference</string>
			<key>lastKnownFileType</key>
			<string>wrapper.xcdatamodel</string>
			<key>path</key>
			<string>FBxplr.xcdatamodel</string>
			<key>sourceTree</key>
			<string>&lt;group&gt;</string>
		</dict>
		<key>3AA329D718839EFC00548901</key>
		<dict>
			<key>fileRef</key>
			<string>3AA329D518839EFC00548901</string>
			<key>isa</key>
			<string>PBXBuildFile</string>
		</dict>
		<key>3AA329D818839EFC00548901</key>
		<dict>
			<key>isa</key>
			<string>PBXFileReference</string>
			<key>lastKnownFileType</key>
			<string>folder.assetcatalog</string>
			<key>path</key>
			<string>Images.xcassets</string>
			<key>sourceTree</key>
			<string>&lt;group&gt;</string>
		</dict>
		<key>3AA329D918839EFC00548901</key>
		<dict>
			<key>fileRef</key>
			<string>3AA329D818839EFC00548901</string>
			<key>isa</key>
			<string>PBXBuildFile</string>
		</dict>
		<key>3AA329DA18839EFC00548901</key>
		<dict>
			<key>buildActionMask</key>
			<string>2147483647</string>
			<key>files</key>
			<array>
				<string>3AA32A3718839F3F00548901</string>
				<string>3AA32A6B1883A11600548901</string>
				<string>3AA32A3518839F3F00548901</string>
				<string>3AA32A4B18839F3F00548901</string>
				<string>3AA32A4318839F3F00548901</string>
				<string>3AA32A5918839F3F00548901</string>
				<string>3AA32A5118839F3F00548901</string>
				<string>3AA32A4118839F3F00548901</string>
				<string>3AA32A4718839F3F00548901</string>
				<string>3AA32A3B18839F3F00548901</string>
				<string>3AA32A4F18839F3F00548901</string>
				<string>3AA32A4D18839F3F00548901</string>
				<string>3AA329ED18839EFC00548901</string>
				<string>3AA32A3318839F3F00548901</string>
				<string>3AA32A6718839FE600548901</string>
				<string>3AA32A3F18839F3F00548901</string>
				<string>3AA32A4518839F3F00548901</string>
				<string>3AA32A3D18839F3F00548901</string>
				<string>3AA32A4918839F3F00548901</string>
				<string>3AA32A6118839FA000548901</string>
				<string>3AA32A5718839F3F00548901</string>
				<string>3AA32A3918839F3F00548901</string>
			</array>
			<key>isa</key>
			<string>PBXSourcesBuildPhase</string>
			<key>runOnlyForDeploymentPostprocessing</key>
			<string>0</string>
		</dict>
		<key>3AA329DB18839EFC00548901</key>
		<dict>
			<key>buildActionMask</key>
			<string>2147483647</string>
			<key>files</key>
			<array>
				<string>3AA329E018839EFC00548901</string>
				<string>3AA329E318839EFC00548901</string>
				<string>3AA329E218839EFC00548901</string>
				<string>3AA329E118839EFC00548901</string>
			</array>
			<key>isa</key>
			<string>PBXFrameworksBuildPhase</string>
			<key>runOnlyForDeploymentPostprocessing</key>
			<string>0</string>
		</dict>
		<key>3AA329DC18839EFC00548901</key>
		<dict>
			<key>buildActionMask</key>
			<string>2147483647</string>
			<key>files</key>
			<array>
				<string>3AA329EB18839EFC00548901</string>
			</array>
			<key>isa</key>
			<string>PBXResourcesBuildPhase</string>
			<key>runOnlyForDeploymentPostprocessing</key>
			<string>0</string>
		</dict>
		<key>3AA329DD18839EFC00548901</key>
		<dict>
			<key>buildConfigurationList</key>
			<string>3AA329F318839EFC00548901</string>
			<key>buildPhases</key>
			<array>
				<string>3AA329DA18839EFC00548901</string>
				<string>3AA329DB18839EFC00548901</string>
				<string>3AA329DC18839EFC00548901</string>
			</array>
			<key>buildRules</key>
			<array/>
			<key>dependencies</key>
			<array>
				<string>3AA329E518839EFC00548901</string>
			</array>
			<key>isa</key>
			<string>PBXNativeTarget</string>
			<key>name</key>
			<string>FBxplrTests</string>
			<key>productName</key>
			<string>FBxplrTests</string>
			<key>productReference</key>
			<string>3AA329DE18839EFC00548901</string>
			<key>productType</key>
			<string>com.apple.product-type.bundle.unit-test</string>
		</dict>
		<key>3AA329DE18839EFC00548901</key>
		<dict>
			<key>explicitFileType</key>
			<string>wrapper.cfbundle</string>
			<key>includeInIndex</key>
			<string>0</string>
			<key>isa</key>
			<string>PBXFileReference</string>
			<key>path</key>
			<string>FBxplrTests.xctest</string>
			<key>sourceTree</key>
			<string>BUILT_PRODUCTS_DIR</string>
		</dict>
		<key>3AA329DF18839EFC00548901</key>
		<dict>
			<key>isa</key>
			<string>PBXFileReference</string>
			<key>lastKnownFileType</key>
			<string>wrapper.framework</string>
			<key>name</key>
			<string>XCTest.framework</string>
			<key>path</key>
			<string>Library/Frameworks/XCTest.framework</string>
			<key>sourceTree</key>
			<string>DEVELOPER_DIR</string>
		</dict>
		<key>3AA329E018839EFC00548901</key>
		<dict>
			<key>fileRef</key>
			<string>3AA329DF18839EFC00548901</string>
			<key>isa</key>
			<string>PBXBuildFile</string>
		</dict>
		<key>3AA329E118839EFC00548901</key>
		<dict>
			<key>fileRef</key>
			<string>3AA329C118839EFC00548901</string>
			<key>isa</key>
			<string>PBXBuildFile</string>
		</dict>
		<key>3AA329E218839EFC00548901</key>
		<dict>
			<key>fileRef</key>
			<string>3AA329C518839EFC00548901</string>
			<key>isa</key>
			<string>PBXBuildFile</string>
		</dict>
		<key>3AA329E318839EFC00548901</key>
		<dict>
			<key>fileRef</key>
			<string>3AA329C718839EFC00548901</string>
			<key>isa</key>
			<string>PBXBuildFile</string>
		</dict>
		<key>3AA329E418839EFC00548901</key>
		<dict>
			<key>containerPortal</key>
			<string>3AA329B618839EFC00548901</string>
			<key>isa</key>
			<string>PBXContainerItemProxy</string>
			<key>proxyType</key>
			<string>1</string>
			<key>remoteGlobalIDString</key>
			<string>3AA329BD18839EFC00548901</string>
			<key>remoteInfo</key>
			<string>FBxplr</string>
		</dict>
		<key>3AA329E518839EFC00548901</key>
		<dict>
			<key>isa</key>
			<string>PBXTargetDependency</string>
			<key>target</key>
			<string>3AA329BD18839EFC00548901</string>
			<key>targetProxy</key>
			<string>3AA329E418839EFC00548901</string>
		</dict>
		<key>3AA329E618839EFC00548901</key>
		<dict>
			<key>children</key>
			<array>
				<string>3AA329EC18839EFC00548901</string>
				<string>3AA329E718839EFC00548901</string>
			</array>
			<key>isa</key>
			<string>PBXGroup</string>
			<key>path</key>
			<string>FBxplrTests</string>
			<key>sourceTree</key>
			<string>&lt;group&gt;</string>
		</dict>
		<key>3AA329E718839EFC00548901</key>
		<dict>
			<key>children</key>
			<array>
				<string>3AA329E818839EFC00548901</string>
				<string>3AA329E918839EFC00548901</string>
			</array>
			<key>isa</key>
			<string>PBXGroup</string>
			<key>name</key>
			<string>Supporting Files</string>
			<key>sourceTree</key>
			<string>&lt;group&gt;</string>
		</dict>
		<key>3AA329E818839EFC00548901</key>
		<dict>
			<key>isa</key>
			<string>PBXFileReference</string>
			<key>lastKnownFileType</key>
			<string>text.plist.xml</string>
			<key>path</key>
			<string>FBxplrTests-Info.plist</string>
			<key>sourceTree</key>
			<string>&lt;group&gt;</string>
		</dict>
		<key>3AA329E918839EFC00548901</key>
		<dict>
			<key>children</key>
			<array>
				<string>3AA329EA18839EFC00548901</string>
			</array>
			<key>isa</key>
			<string>PBXVariantGroup</string>
			<key>name</key>
			<string>InfoPlist.strings</string>
			<key>sourceTree</key>
			<string>&lt;group&gt;</string>
		</dict>
		<key>3AA329EA18839EFC00548901</key>
		<dict>
			<key>isa</key>
			<string>PBXFileReference</string>
			<key>lastKnownFileType</key>
			<string>text.plist.strings</string>
			<key>name</key>
			<string>en</string>
			<key>path</key>
			<string>en.lproj/InfoPlist.strings</string>
			<key>sourceTree</key>
			<string>&lt;group&gt;</string>
		</dict>
		<key>3AA329EB18839EFC00548901</key>
		<dict>
			<key>fileRef</key>
			<string>3AA329E918839EFC00548901</string>
			<key>isa</key>
			<string>PBXBuildFile</string>
		</dict>
		<key>3AA329EC18839EFC00548901</key>
		<dict>
			<key>isa</key>
			<string>PBXFileReference</string>
			<key>lastKnownFileType</key>
			<string>sourcecode.c.objc</string>
			<key>path</key>
			<string>FBxplrTests.m</string>
			<key>sourceTree</key>
			<string>&lt;group&gt;</string>
		</dict>
		<key>3AA329ED18839EFC00548901</key>
		<dict>
			<key>fileRef</key>
			<string>3AA329EC18839EFC00548901</string>
			<key>isa</key>
			<string>PBXBuildFile</string>
		</dict>
		<key>3AA329EE18839EFC00548901</key>
		<dict>
			<key>buildSettings</key>
			<dict>
				<key>ALWAYS_SEARCH_USER_PATHS</key>
				<string>NO</string>
				<key>ARCHS</key>
				<string>$(ARCHS_STANDARD_INCLUDING_64_BIT)</string>
				<key>CLANG_CXX_LANGUAGE_STANDARD</key>
				<string>gnu++0x</string>
				<key>CLANG_CXX_LIBRARY</key>
				<string>libc++</string>
				<key>CLANG_ENABLE_MODULES</key>
				<string>YES</string>
				<key>CLANG_ENABLE_OBJC_ARC</key>
				<string>NO</string>
				<key>CLANG_WARN_BOOL_CONVERSION</key>
				<string>YES</string>
				<key>CLANG_WARN_CONSTANT_CONVERSION</key>
				<string>YES</string>
				<key>CLANG_WARN_DIRECT_OBJC_ISA_USAGE</key>
				<string>YES_ERROR</string>
				<key>CLANG_WARN_EMPTY_BODY</key>
				<string>YES</string>
				<key>CLANG_WARN_ENUM_CONVERSION</key>
				<string>YES</string>
				<key>CLANG_WARN_INT_CONVERSION</key>
				<string>YES</string>
				<key>CLANG_WARN_OBJC_ROOT_CLASS</key>
				<string>YES_ERROR</string>
				<key>CLANG_WARN__DUPLICATE_METHOD_MATCH</key>
				<string>YES</string>
				<key>CODE_SIGN_IDENTITY[sdk=iphoneos*]</key>
				<string>iPhone Developer</string>
				<key>COPY_PHASE_STRIP</key>
				<string>NO</string>
				<key>GCC_C_LANGUAGE_STANDARD</key>
				<string>gnu99</string>
				<key>GCC_DYNAMIC_NO_PIC</key>
				<string>NO</string>
				<key>GCC_OPTIMIZATION_LEVEL</key>
				<string>0</string>
				<key>GCC_PREPROCESSOR_DEFINITIONS</key>
				<array>
					<string>DEBUG=1</string>
					<string>$(inherited)</string>
				</array>
				<key>GCC_SYMBOLS_PRIVATE_EXTERN</key>
				<string>NO</string>
				<key>GCC_WARN_64_TO_32_BIT_CONVERSION</key>
				<string>YES</string>
				<key>GCC_WARN_ABOUT_RETURN_TYPE</key>
				<string>YES_ERROR</string>
				<key>GCC_WARN_UNDECLARED_SELECTOR</key>
				<string>YES</string>
				<key>GCC_WARN_UNINITIALIZED_AUTOS</key>
				<string>YES</string>
				<key>GCC_WARN_UNUSED_FUNCTION</key>
				<string>YES</string>
				<key>GCC_WARN_UNUSED_VARIABLE</key>
				<string>YES</string>
				<key>IPHONEOS_DEPLOYMENT_TARGET</key>
				<string>7.0</string>
				<key>ONLY_ACTIVE_ARCH</key>
				<string>YES</string>
				<key>SDKROOT</key>
				<string>iphoneos</string>
				<key>TARGETED_DEVICE_FAMILY</key>
				<string>1,2</string>
			</dict>
			<key>isa</key>
			<string>XCBuildConfiguration</string>
			<key>name</key>
			<string>Debug</string>
		</dict>
		<key>3AA329EF18839EFC00548901</key>
		<dict>
			<key>buildSettings</key>
			<dict>
				<key>ALWAYS_SEARCH_USER_PATHS</key>
				<string>NO</string>
				<key>ARCHS</key>
				<string>$(ARCHS_STANDARD_INCLUDING_64_BIT)</string>
				<key>CLANG_CXX_LANGUAGE_STANDARD</key>
				<string>gnu++0x</string>
				<key>CLANG_CXX_LIBRARY</key>
				<string>libc++</string>
				<key>CLANG_ENABLE_MODULES</key>
				<string>YES</string>
				<key>CLANG_ENABLE_OBJC_ARC</key>
				<string>NO</string>
				<key>CLANG_WARN_BOOL_CONVERSION</key>
				<string>YES</string>
				<key>CLANG_WARN_CONSTANT_CONVERSION</key>
				<string>YES</string>
				<key>CLANG_WARN_DIRECT_OBJC_ISA_USAGE</key>
				<string>YES_ERROR</string>
				<key>CLANG_WARN_EMPTY_BODY</key>
				<string>YES</string>
				<key>CLANG_WARN_ENUM_CONVERSION</key>
				<string>YES</string>
				<key>CLANG_WARN_INT_CONVERSION</key>
				<string>YES</string>
				<key>CLANG_WARN_OBJC_ROOT_CLASS</key>
				<string>YES_ERROR</string>
				<key>CLANG_WARN__DUPLICATE_METHOD_MATCH</key>
				<string>YES</string>
				<key>CODE_SIGN_IDENTITY[sdk=iphoneos*]</key>
				<string>iPhone Developer</string>
				<key>COPY_PHASE_STRIP</key>
				<string>YES</string>
				<key>ENABLE_NS_ASSERTIONS</key>
				<string>NO</string>
				<key>GCC_C_LANGUAGE_STANDARD</key>
				<string>gnu99</string>
				<key>GCC_WARN_64_TO_32_BIT_CONVERSION</key>
				<string>YES</string>
				<key>GCC_WARN_ABOUT_RETURN_TYPE</key>
				<string>YES_ERROR</string>
				<key>GCC_WARN_UNDECLARED_SELECTOR</key>
				<string>YES</string>
				<key>GCC_WARN_UNINITIALIZED_AUTOS</key>
				<string>YES</string>
				<key>GCC_WARN_UNUSED_FUNCTION</key>
				<string>YES</string>
				<key>GCC_WARN_UNUSED_VARIABLE</key>
				<string>YES</string>
				<key>IPHONEOS_DEPLOYMENT_TARGET</key>
				<string>7.0</string>
				<key>SDKROOT</key>
				<string>iphoneos</string>
				<key>TARGETED_DEVICE_FAMILY</key>
				<string>1,2</string>
				<key>VALIDATE_PRODUCT</key>
				<string>YES</string>
			</dict>
			<key>isa</key>
			<string>XCBuildConfiguration</string>
			<key>name</key>
			<string>Release</string>
		</dict>
		<key>3AA329F018839EFC00548901</key>
		<dict>
			<key>buildConfigurations</key>
			<array>
				<string>3AA329F118839EFC00548901</string>
				<string>3AA329F218839EFC00548901</string>
			</array>
			<key>defaultConfigurationIsVisible</key>
			<string>0</string>
			<key>defaultConfigurationName</key>
			<string>Release</string>
			<key>isa</key>
			<string>XCConfigurationList</string>
		</dict>
		<key>3AA329F118839EFC00548901</key>
		<dict>
			<key>baseConfigurationReference</key>
			<string>0DCD06ABB2274F9188B88189</string>
			<key>buildSettings</key>
			<dict>
				<key>ASSETCATALOG_COMPILER_APPICON_NAME</key>
				<string>AppIcon</string>
				<key>ASSETCATALOG_COMPILER_LAUNCHIMAGE_NAME</key>
				<string>LaunchImage</string>
				<key>GCC_PRECOMPILE_PREFIX_HEADER</key>
				<string>YES</string>
				<key>GCC_PREFIX_HEADER</key>
				<string>FBxplr/FBxplr-Prefix.pch</string>
				<key>INFOPLIST_FILE</key>
				<string>FBxplr/FBxplr-Info.plist</string>
				<key>PRODUCT_NAME</key>
				<string>$(TARGET_NAME)</string>
				<key>WRAPPER_EXTENSION</key>
				<string>app</string>
			</dict>
			<key>isa</key>
			<string>XCBuildConfiguration</string>
			<key>name</key>
			<string>Debug</string>
		</dict>
		<key>3AA329F218839EFC00548901</key>
		<dict>
			<key>baseConfigurationReference</key>
			<string>0DCD06ABB2274F9188B88189</string>
			<key>buildSettings</key>
			<dict>
				<key>ASSETCATALOG_COMPILER_APPICON_NAME</key>
				<string>AppIcon</string>
				<key>ASSETCATALOG_COMPILER_LAUNCHIMAGE_NAME</key>
				<string>LaunchImage</string>
				<key>GCC_PRECOMPILE_PREFIX_HEADER</key>
				<string>YES</string>
				<key>GCC_PREFIX_HEADER</key>
				<string>FBxplr/FBxplr-Prefix.pch</string>
				<key>INFOPLIST_FILE</key>
				<string>FBxplr/FBxplr-Info.plist</string>
				<key>PRODUCT_NAME</key>
				<string>$(TARGET_NAME)</string>
				<key>WRAPPER_EXTENSION</key>
				<string>app</string>
			</dict>
			<key>isa</key>
			<string>XCBuildConfiguration</string>
			<key>name</key>
			<string>Release</string>
		</dict>
		<key>3AA329F318839EFC00548901</key>
		<dict>
			<key>buildConfigurations</key>
			<array>
				<string>3AA329F418839EFC00548901</string>
				<string>3AA329F518839EFC00548901</string>
			</array>
			<key>defaultConfigurationIsVisible</key>
			<string>0</string>
			<key>defaultConfigurationName</key>
			<string>Release</string>
			<key>isa</key>
			<string>XCConfigurationList</string>
		</dict>
		<key>3AA329F418839EFC00548901</key>
		<dict>
			<key>buildSettings</key>
			<dict>
				<key>ARCHS</key>
				<string>$(ARCHS_STANDARD_INCLUDING_64_BIT)</string>
				<key>BUNDLE_LOADER</key>
				<string>$(BUILT_PRODUCTS_DIR)/FBxplr.app/FBxplr</string>
				<key>FRAMEWORK_SEARCH_PATHS</key>
				<array>
					<string>$(SDKROOT)/Developer/Library/Frameworks</string>
					<string>$(inherited)</string>
					<string>$(DEVELOPER_FRAMEWORKS_DIR)</string>
				</array>
				<key>GCC_PRECOMPILE_PREFIX_HEADER</key>
				<string>YES</string>
				<key>GCC_PREFIX_HEADER</key>
				<string>FBxplr/FBxplr-Prefix.pch</string>
				<key>GCC_PREPROCESSOR_DEFINITIONS</key>
				<array>
					<string>DEBUG=1</string>
					<string>$(inherited)</string>
				</array>
				<key>INFOPLIST_FILE</key>
				<string>FBxplrTests/FBxplrTests-Info.plist</string>
				<key>PRODUCT_NAME</key>
				<string>$(TARGET_NAME)</string>
				<key>TEST_HOST</key>
				<string>$(BUNDLE_LOADER)</string>
				<key>WRAPPER_EXTENSION</key>
				<string>xctest</string>
			</dict>
			<key>isa</key>
			<string>XCBuildConfiguration</string>
			<key>name</key>
			<string>Debug</string>
		</dict>
		<key>3AA329F518839EFC00548901</key>
		<dict>
			<key>buildSettings</key>
			<dict>
				<key>ARCHS</key>
				<string>$(ARCHS_STANDARD_INCLUDING_64_BIT)</string>
				<key>BUNDLE_LOADER</key>
				<string>$(BUILT_PRODUCTS_DIR)/FBxplr.app/FBxplr</string>
				<key>FRAMEWORK_SEARCH_PATHS</key>
				<array>
					<string>$(SDKROOT)/Developer/Library/Frameworks</string>
					<string>$(inherited)</string>
					<string>$(DEVELOPER_FRAMEWORKS_DIR)</string>
				</array>
				<key>GCC_PRECOMPILE_PREFIX_HEADER</key>
				<string>YES</string>
				<key>GCC_PREFIX_HEADER</key>
				<string>FBxplr/FBxplr-Prefix.pch</string>
				<key>INFOPLIST_FILE</key>
				<string>FBxplrTests/FBxplrTests-Info.plist</string>
				<key>PRODUCT_NAME</key>
				<string>$(TARGET_NAME)</string>
				<key>TEST_HOST</key>
				<string>$(BUNDLE_LOADER)</string>
				<key>WRAPPER_EXTENSION</key>
				<string>xctest</string>
			</dict>
			<key>isa</key>
			<string>XCBuildConfiguration</string>
			<key>name</key>
			<string>Release</string>
		</dict>
		<key>3AA329F618839F3E00548901</key>
		<dict>
			<key>children</key>
			<array>
				<string>3AA329F718839F3E00548901</string>
				<string>3AA32A2718839F3F00548901</string>
				<string>3AA32A2818839F3F00548901</string>
				<string>3AA32A2918839F3F00548901</string>
				<string>3AA32A2A18839F3F00548901</string>
				<string>3AA32A2B18839F3F00548901</string>
				<string>3AA32A2C18839F3F00548901</string>
				<string>3AA32A2E18839F3F00548901</string>
				<string>3AA32A2F18839F3F00548901</string>
			</array>
			<key>isa</key>
			<string>PBXGroup</string>
			<key>path</key>
			<string>Utils</string>
			<key>sourceTree</key>
			<string>&lt;group&gt;</string>
		</dict>
		<key>3AA329F718839F3E00548901</key>
		<dict>
			<key>children</key>
			<array>
				<string>3AA32A681883A11600548901</string>
				<string>3AA32A691883A11600548901</string>
				<string>3AA329F818839F3E00548901</string>
				<string>3AA329FB18839F3E00548901</string>
				<string>3AA32A0018839F3E00548901</string>
				<string>3AA32A0318839F3E00548901</string>
				<string>3AA32A0818839F3E00548901</string>
				<string>3AA32A0B18839F3E00548901</string>
				<string>3AA32A1418839F3E00548901</string>
				<string>3AA32A1D18839F3E00548901</string>
			</array>
			<key>isa</key>
			<string>PBXGroup</string>
			<key>path</key>
			<string>Categories</string>
			<key>sourceTree</key>
			<string>&lt;group&gt;</string>
		</dict>
		<key>3AA329F818839F3E00548901</key>
		<dict>
			<key>children</key>
			<array>
				<string>3AA329F918839F3E00548901</string>
				<string>3AA329FA18839F3E00548901</string>
			</array>
			<key>isa</key>
			<string>PBXGroup</string>
			<key>path</key>
			<string>NSArray</string>
			<key>sourceTree</key>
			<string>&lt;group&gt;</string>
		</dict>
		<key>3AA329F918839F3E00548901</key>
		<dict>
			<key>fileEncoding</key>
			<string>4</string>
			<key>isa</key>
			<string>PBXFileReference</string>
			<key>lastKnownFileType</key>
			<string>sourcecode.c.h</string>
			<key>path</key>
			<string>NSMutableArray+Shuffle.h</string>
			<key>sourceTree</key>
			<string>&lt;group&gt;</string>
		</dict>
		<key>3AA329FA18839F3E00548901</key>
		<dict>
			<key>fileEncoding</key>
			<string>4</string>
			<key>isa</key>
			<string>PBXFileReference</string>
			<key>lastKnownFileType</key>
			<string>sourcecode.c.objc</string>
			<key>path</key>
			<string>NSMutableArray+Shuffle.m</string>
			<key>sourceTree</key>
			<string>&lt;group&gt;</string>
		</dict>
		<key>3AA329FB18839F3E00548901</key>
		<dict>
			<key>children</key>
			<array>
				<string>3AA329FC18839F3E00548901</string>
				<string>3AA329FD18839F3E00548901</string>
				<string>3AA329FE18839F3E00548901</string>
				<string>3AA329FF18839F3E00548901</string>
			</array>
			<key>isa</key>
			<string>PBXGroup</string>
			<key>path</key>
			<string>NSDate</string>
			<key>sourceTree</key>
			<string>&lt;group&gt;</string>
		</dict>
		<key>3AA329FC18839F3E00548901</key>
		<dict>
			<key>fileEncoding</key>
			<string>4</string>
			<key>isa</key>
			<string>PBXFileReference</string>
			<key>lastKnownFileType</key>
			<string>sourcecode.c.h</string>
			<key>path</key>
			<string>NSDate+Formatting.h</string>
			<key>sourceTree</key>
			<string>&lt;group&gt;</string>
		</dict>
		<key>3AA329FD18839F3E00548901</key>
		<dict>
			<key>fileEncoding</key>
			<string>4</string>
			<key>isa</key>
			<string>PBXFileReference</string>
			<key>lastKnownFileType</key>
			<string>sourcecode.c.objc</string>
			<key>path</key>
			<string>NSDate+Formatting.m</string>
			<key>sourceTree</key>
			<string>&lt;group&gt;</string>
		</dict>
		<key>3AA329FE18839F3E00548901</key>
		<dict>
			<key>fileEncoding</key>
			<string>4</string>
			<key>isa</key>
			<string>PBXFileReference</string>
			<key>lastKnownFileType</key>
			<string>sourcecode.c.h</string>
			<key>path</key>
			<string>NSDate+Helper.h</string>
			<key>sourceTree</key>
			<string>&lt;group&gt;</string>
		</dict>
		<key>3AA329FF18839F3E00548901</key>
		<dict>
			<key>fileEncoding</key>
			<string>4</string>
			<key>isa</key>
			<string>PBXFileReference</string>
			<key>lastKnownFileType</key>
			<string>sourcecode.c.objc</string>
			<key>path</key>
			<string>NSDate+Helper.m</string>
			<key>sourceTree</key>
			<string>&lt;group&gt;</string>
		</dict>
		<key>3AA32A0018839F3E00548901</key>
		<dict>
			<key>children</key>
			<array>
				<string>3AA32A0118839F3E00548901</string>
				<string>3AA32A0218839F3E00548901</string>
			</array>
			<key>isa</key>
			<string>PBXGroup</string>
			<key>path</key>
			<string>NSDictionary</string>
			<key>sourceTree</key>
			<string>&lt;group&gt;</string>
		</dict>
		<key>3AA32A0118839F3E00548901</key>
		<dict>
			<key>fileEncoding</key>
			<string>4</string>
			<key>isa</key>
			<string>PBXFileReference</string>
			<key>lastKnownFileType</key>
			<string>sourcecode.c.h</string>
			<key>path</key>
			<string>NSDictionary+UrlEncoding.h</string>
			<key>sourceTree</key>
			<string>&lt;group&gt;</string>
		</dict>
		<key>3AA32A0218839F3E00548901</key>
		<dict>
			<key>fileEncoding</key>
			<string>4</string>
			<key>isa</key>
			<string>PBXFileReference</string>
			<key>lastKnownFileType</key>
			<string>sourcecode.c.objc</string>
			<key>path</key>
			<string>NSDictionary+UrlEncoding.m</string>
			<key>sourceTree</key>
			<string>&lt;group&gt;</string>
		</dict>
		<key>3AA32A0318839F3E00548901</key>
		<dict>
			<key>children</key>
			<array>
				<string>3AA32A0418839F3E00548901</string>
				<string>3AA32A0518839F3E00548901</string>
				<string>3AA32A0618839F3E00548901</string>
				<string>3AA32A0718839F3E00548901</string>
			</array>
			<key>isa</key>
			<string>PBXGroup</string>
			<key>path</key>
			<string>NSObject</string>
			<key>sourceTree</key>
			<string>&lt;group&gt;</string>
		</dict>
		<key>3AA32A0418839F3E00548901</key>
		<dict>
			<key>fileEncoding</key>
			<string>4</string>
			<key>isa</key>
			<string>PBXFileReference</string>
			<key>lastKnownFileType</key>
			<string>sourcecode.c.h</string>
			<key>path</key>
			<string>NSObject+Properties.h</string>
			<key>sourceTree</key>
			<string>&lt;group&gt;</string>
		</dict>
		<key>3AA32A0518839F3E00548901</key>
		<dict>
			<key>fileEncoding</key>
			<string>4</string>
			<key>isa</key>
			<string>PBXFileReference</string>
			<key>lastKnownFileType</key>
			<string>sourcecode.c.objc</string>
			<key>path</key>
			<string>NSObject+Properties.m</string>
			<key>sourceTree</key>
			<string>&lt;group&gt;</string>
		</dict>
		<key>3AA32A0618839F3E00548901</key>
		<dict>
			<key>fileEncoding</key>
			<string>4</string>
			<key>isa</key>
			<string>PBXFileReference</string>
			<key>lastKnownFileType</key>
			<string>sourcecode.c.h</string>
			<key>path</key>
			<string>NSString+PropertyKVC.h</string>
			<key>sourceTree</key>
			<string>&lt;group&gt;</string>
		</dict>
		<key>3AA32A0718839F3E00548901</key>
		<dict>
			<key>fileEncoding</key>
			<string>4</string>
			<key>isa</key>
			<string>PBXFileReference</string>
			<key>lastKnownFileType</key>
			<string>sourcecode.c.objc</string>
			<key>path</key>
			<string>NSString+PropertyKVC.m</string>
			<key>sourceTree</key>
			<string>&lt;group&gt;</string>
		</dict>
		<key>3AA32A0818839F3E00548901</key>
		<dict>
			<key>children</key>
			<array>
				<string>3AA32A0918839F3E00548901</string>
				<string>3AA32A0A18839F3E00548901</string>
			</array>
			<key>isa</key>
			<string>PBXGroup</string>
			<key>path</key>
			<string>UIColor</string>
			<key>sourceTree</key>
			<string>&lt;group&gt;</string>
		</dict>
		<key>3AA32A0918839F3E00548901</key>
		<dict>
			<key>fileEncoding</key>
			<string>4</string>
			<key>isa</key>
			<string>PBXFileReference</string>
			<key>lastKnownFileType</key>
			<string>sourcecode.c.h</string>
			<key>path</key>
			<string>UIColor+Hex.h</string>
			<key>sourceTree</key>
			<string>&lt;group&gt;</string>
		</dict>
		<key>3AA32A0A18839F3E00548901</key>
		<dict>
			<key>fileEncoding</key>
			<string>4</string>
			<key>isa</key>
			<string>PBXFileReference</string>
			<key>lastKnownFileType</key>
			<string>sourcecode.c.objc</string>
			<key>path</key>
			<string>UIColor+Hex.m</string>
			<key>sourceTree</key>
			<string>&lt;group&gt;</string>
		</dict>
		<key>3AA32A0B18839F3E00548901</key>
		<dict>
			<key>children</key>
			<array>
				<string>3AA32A0C18839F3E00548901</string>
				<string>3AA32A0D18839F3E00548901</string>
				<string>3AA32A0E18839F3E00548901</string>
				<string>3AA32A0F18839F3E00548901</string>
				<string>3AA32A1018839F3E00548901</string>
				<string>3AA32A1118839F3E00548901</string>
				<string>3AA32A1218839F3E00548901</string>
				<string>3AA32A1318839F3E00548901</string>
			</array>
			<key>isa</key>
			<string>PBXGroup</string>
			<key>path</key>
			<string>UIImage</string>
			<key>sourceTree</key>
			<string>&lt;group&gt;</string>
		</dict>
		<key>3AA32A0C18839F3E00548901</key>
		<dict>
			<key>fileEncoding</key>
			<string>4</string>
			<key>isa</key>
			<string>PBXFileReference</string>
			<key>lastKnownFileType</key>
			<string>sourcecode.c.h</string>
			<key>path</key>
			<string>UIImage+Alpha.h</string>
			<key>sourceTree</key>
			<string>&lt;group&gt;</string>
		</dict>
		<key>3AA32A0D18839F3E00548901</key>
		<dict>
			<key>fileEncoding</key>
			<string>4</string>
			<key>isa</key>
			<string>PBXFileReference</string>
			<key>lastKnownFileType</key>
			<string>sourcecode.c.objc</string>
			<key>path</key>
			<string>UIImage+Alpha.m</string>
			<key>sourceTree</key>
			<string>&lt;group&gt;</string>
		</dict>
		<key>3AA32A0E18839F3E00548901</key>
		<dict>
			<key>fileEncoding</key>
			<string>4</string>
			<key>isa</key>
			<string>PBXFileReference</string>
			<key>lastKnownFileType</key>
			<string>sourcecode.c.h</string>
			<key>path</key>
			<string>UIImage+Optimize.h</string>
			<key>sourceTree</key>
			<string>&lt;group&gt;</string>
		</dict>
		<key>3AA32A0F18839F3E00548901</key>
		<dict>
			<key>fileEncoding</key>
			<string>4</string>
			<key>isa</key>
			<string>PBXFileReference</string>
			<key>lastKnownFileType</key>
			<string>sourcecode.c.objc</string>
			<key>path</key>
			<string>UIImage+Optimize.m</string>
			<key>sourceTree</key>
			<string>&lt;group&gt;</string>
		</dict>
		<key>3AA32A1018839F3E00548901</key>
		<dict>
			<key>fileEncoding</key>
			<string>4</string>
			<key>isa</key>
			<string>PBXFileReference</string>
			<key>lastKnownFileType</key>
			<string>sourcecode.c.h</string>
			<key>path</key>
			<string>UIImage+Resize.h</string>
			<key>sourceTree</key>
			<string>&lt;group&gt;</string>
		</dict>
		<key>3AA32A1118839F3E00548901</key>
		<dict>
			<key>fileEncoding</key>
			<string>4</string>
			<key>isa</key>
			<string>PBXFileReference</string>
			<key>lastKnownFileType</key>
			<string>sourcecode.c.objc</string>
			<key>path</key>
			<string>UIImage+Resize.m</string>
			<key>sourceTree</key>
			<string>&lt;group&gt;</string>
		</dict>
		<key>3AA32A1218839F3E00548901</key>
		<dict>
			<key>fileEncoding</key>
			<string>4</string>
			<key>isa</key>
			<string>PBXFileReference</string>
			<key>lastKnownFileType</key>
			<string>sourcecode.c.h</string>
			<key>path</key>
			<string>UIImage+RoundedCorner.h</string>
			<key>sourceTree</key>
			<string>&lt;group&gt;</string>
		</dict>
		<key>3AA32A1318839F3E00548901</key>
		<dict>
			<key>fileEncoding</key>
			<string>4</string>
			<key>isa</key>
			<string>PBXFileReference</string>
			<key>lastKnownFileType</key>
			<string>sourcecode.c.objc</string>
			<key>path</key>
			<string>UIImage+RoundedCorner.m</string>
			<key>sourceTree</key>
			<string>&lt;group&gt;</string>
		</dict>
		<key>3AA32A1418839F3E00548901</key>
		<dict>
			<key>children</key>
			<array>
				<string>3AA32A1518839F3E00548901</string>
				<string>3AA32A1618839F3E00548901</string>
				<string>3AA32A1718839F3E00548901</string>
				<string>3AA32A1818839F3E00548901</string>
				<string>3AA32A1918839F3E00548901</string>
				<string>3AA32A1A18839F3E00548901</string>
				<string>3AA32A1B18839F3E00548901</string>
				<string>3AA32A1C18839F3E00548901</string>
			</array>
			<key>isa</key>
			<string>PBXGroup</string>
			<key>path</key>
			<string>UIView</string>
			<key>sourceTree</key>
			<string>&lt;group&gt;</string>
		</dict>
		<key>3AA32A1518839F3E00548901</key>
		<dict>
			<key>fileEncoding</key>
			<string>4</string>
			<key>isa</key>
			<string>PBXFileReference</string>
			<key>lastKnownFileType</key>
			<string>sourcecode.c.h</string>
			<key>path</key>
			<string>UIView+Animation.h</string>
			<key>sourceTree</key>
			<string>&lt;group&gt;</string>
		</dict>
		<key>3AA32A1618839F3E00548901</key>
		<dict>
			<key>fileEncoding</key>
			<string>4</string>
			<key>isa</key>
			<string>PBXFileReference</string>
			<key>lastKnownFileType</key>
			<string>sourcecode.c.objc</string>
			<key>path</key>
			<string>UIView+Animation.m</string>
			<key>sourceTree</key>
			<string>&lt;group&gt;</string>
		</dict>
		<key>3AA32A1718839F3E00548901</key>
		<dict>
			<key>fileEncoding</key>
			<string>4</string>
			<key>isa</key>
			<string>PBXFileReference</string>
			<key>lastKnownFileType</key>
			<string>sourcecode.c.h</string>
			<key>path</key>
			<string>UIView+Positioning.h</string>
			<key>sourceTree</key>
			<string>&lt;group&gt;</string>
		</dict>
		<key>3AA32A1818839F3E00548901</key>
		<dict>
			<key>fileEncoding</key>
			<string>4</string>
			<key>isa</key>
			<string>PBXFileReference</string>
			<key>lastKnownFileType</key>
			<string>sourcecode.c.objc</string>
			<key>path</key>
			<string>UIView+Positioning.m</string>
			<key>sourceTree</key>
			<string>&lt;group&gt;</string>
		</dict>
		<key>3AA32A1918839F3E00548901</key>
		<dict>
			<key>fileEncoding</key>
			<string>4</string>
			<key>isa</key>
			<string>PBXFileReference</string>
			<key>lastKnownFileType</key>
			<string>sourcecode.c.h</string>
			<key>path</key>
			<string>UIView+RoundCorners.h</string>
			<key>sourceTree</key>
			<string>&lt;group&gt;</string>
		</dict>
		<key>3AA32A1A18839F3E00548901</key>
		<dict>
			<key>fileEncoding</key>
			<string>4</string>
			<key>isa</key>
			<string>PBXFileReference</string>
			<key>lastKnownFileType</key>
			<string>sourcecode.c.objc</string>
			<key>path</key>
			<string>UIView+RoundCorners.m</string>
			<key>sourceTree</key>
			<string>&lt;group&gt;</string>
		</dict>
		<key>3AA32A1B18839F3E00548901</key>
		<dict>
			<key>fileEncoding</key>
			<string>4</string>
			<key>isa</key>
			<string>PBXFileReference</string>
			<key>lastKnownFileType</key>
			<string>sourcecode.c.h</string>
			<key>path</key>
			<string>UIView+Size.h</string>
			<key>sourceTree</key>
			<string>&lt;group&gt;</string>
		</dict>
		<key>3AA32A1C18839F3E00548901</key>
		<dict>
			<key>fileEncoding</key>
			<string>4</string>
			<key>isa</key>
			<string>PBXFileReference</string>
			<key>lastKnownFileType</key>
			<string>sourcecode.c.objc</string>
			<key>path</key>
			<string>UIView+Size.m</string>
			<key>sourceTree</key>
			<string>&lt;group&gt;</string>
		</dict>
		<key>3AA32A1D18839F3E00548901</key>
		<dict>
			<key>children</key>
			<array>
				<string>3AA32A1E18839F3E00548901</string>
				<string>3AA32A1F18839F3F00548901</string>
			</array>
			<key>isa</key>
			<string>PBXGroup</string>
			<key>path</key>
			<string>UIViewController</string>
			<key>sourceTree</key>
			<string>&lt;group&gt;</string>
		</dict>
		<key>3AA32A1E18839F3E00548901</key>
		<dict>
			<key>fileEncoding</key>
			<string>4</string>
			<key>isa</key>
			<string>PBXFileReference</string>
			<key>lastKnownFileType</key>
			<string>sourcecode.c.h</string>
			<key>path</key>
			<string>UIViewController+Container.h</string>
			<key>sourceTree</key>
			<string>&lt;group&gt;</string>
		</dict>
		<key>3AA32A1F18839F3F00548901</key>
		<dict>
			<key>fileEncoding</key>
			<string>4</string>
			<key>isa</key>
			<string>PBXFileReference</string>
			<key>lastKnownFileType</key>
			<string>sourcecode.c.objc</string>
			<key>path</key>
			<string>UIViewController+Container.m</string>
			<key>sourceTree</key>
			<string>&lt;group&gt;</string>
		</dict>
		<key>3AA32A2718839F3F00548901</key>
		<dict>
			<key>fileEncoding</key>
			<string>4</string>
			<key>isa</key>
			<string>PBXFileReference</string>
			<key>lastKnownFileType</key>
			<string>sourcecode.c.h</string>
			<key>path</key>
			<string>Defines.h</string>
			<key>sourceTree</key>
			<string>&lt;group&gt;</string>
		</dict>
		<key>3AA32A2818839F3F00548901</key>
		<dict>
			<key>fileEncoding</key>
			<string>4</string>
			<key>isa</key>
			<string>PBXFileReference</string>
			<key>lastKnownFileType</key>
			<string>sourcecode.c.h</string>
			<key>path</key>
			<string>DevDefines.h</string>
			<key>sourceTree</key>
			<string>&lt;group&gt;</string>
		</dict>
		<key>3AA32A2918839F3F00548901</key>
		<dict>
			<key>fileEncoding</key>
			<string>4</string>
			<key>isa</key>
			<string>PBXFileReference</string>
			<key>lastKnownFileType</key>
			<string>sourcecode.c.h</string>
			<key>path</key>
			<string>KVCUtils.h</string>
			<key>sourceTree</key>
			<string>&lt;group&gt;</string>
		</dict>
		<key>3AA32A2A18839F3F00548901</key>
		<dict>
			<key>fileEncoding</key>
			<string>4</string>
			<key>isa</key>
			<string>PBXFileReference</string>
			<key>lastKnownFileType</key>
			<string>sourcecode.c.objc</string>
			<key>path</key>
			<string>KVCUtils.m</string>
			<key>sourceTree</key>
			<string>&lt;group&gt;</string>
		</dict>
		<key>3AA32A2B18839F3F00548901</key>
		<dict>
			<key>fileEncoding</key>
			<string>4</string>
			<key>isa</key>
			<string>PBXFileReference</string>
			<key>lastKnownFileType</key>
			<string>sourcecode.c.h</string>
			<key>path</key>
			<string>Logging.h</string>
			<key>sourceTree</key>
			<string>&lt;group&gt;</string>
		</dict>
		<key>3AA32A2C18839F3F00548901</key>
		<dict>
			<key>children</key>
			<array>
				<string>3AA32A2D18839F3F00548901</string>
			</array>
			<key>isa</key>
			<string>PBXGroup</string>
			<key>path</key>
			<string>Protocols</string>
			<key>sourceTree</key>
			<string>&lt;group&gt;</string>
		</dict>
		<key>3AA32A2D18839F3F00548901</key>
		<dict>
			<key>fileEncoding</key>
			<string>4</string>
			<key>isa</key>
			<string>PBXFileReference</string>
			<key>lastKnownFileType</key>
			<string>sourcecode.c.h</string>
			<key>path</key>
			<string>DismissViewDelegate.h</string>
			<key>sourceTree</key>
			<string>&lt;group&gt;</string>
		</dict>
		<key>3AA32A2E18839F3F00548901</key>
		<dict>
			<key>fileEncoding</key>
			<string>4</string>
			<key>isa</key>
			<string>PBXFileReference</string>
			<key>lastKnownFileType</key>
			<string>sourcecode.c.h</string>
			<key>path</key>
			<string>SingletonHelper.h</string>
			<key>sourceTree</key>
			<string>&lt;group&gt;</string>
		</dict>
		<key>3AA32A2F18839F3F00548901</key>
		<dict>
			<key>children</key>
			<array>
				<string>3AA32A6418839FE600548901</string>
				<string>3AA32A6518839FE600548901</string>
				<string>3AA32A3018839F3F00548901</string>
				<string>3AA32A3118839F3F00548901</string>
			</array>
			<key>isa</key>
			<string>PBXGroup</string>
			<key>path</key>
			<string>UIApplication</string>
			<key>sourceTree</key>
			<string>&lt;group&gt;</string>
		</dict>
		<key>3AA32A3018839F3F00548901</key>
		<dict>
			<key>fileEncoding</key>
			<string>4</string>
			<key>isa</key>
			<string>PBXFileReference</string>
			<key>lastKnownFileType</key>
			<string>sourcecode.c.h</string>
			<key>path</key>
			<string>CustomUIApplication.h</string>
			<key>sourceTree</key>
			<string>&lt;group&gt;</string>
		</dict>
		<key>3AA32A3118839F3F00548901</key>
		<dict>
			<key>fileEncoding</key>
			<string>4</string>
			<key>isa</key>
			<string>PBXFileReference</string>
			<key>lastKnownFileType</key>
			<string>sourcecode.cpp.objcpp</string>
			<key>path</key>
			<string>CustomUIApplication.mm</string>
			<key>sourceTree</key>
			<string>&lt;group&gt;</string>
		</dict>
		<key>3AA32A3218839F3F00548901</key>
		<dict>
			<key>fileRef</key>
			<string>3AA329FA18839F3E00548901</string>
			<key>isa</key>
			<string>PBXBuildFile</string>
		</dict>
		<key>3AA32A3318839F3F00548901</key>
		<dict>
			<key>fileRef</key>
			<string>3AA329FA18839F3E00548901</string>
			<key>isa</key>
			<string>PBXBuildFile</string>
		</dict>
		<key>3AA32A3418839F3F00548901</key>
		<dict>
			<key>fileRef</key>
			<string>3AA329FD18839F3E00548901</string>
			<key>isa</key>
			<string>PBXBuildFile</string>
		</dict>
		<key>3AA32A3518839F3F00548901</key>
		<dict>
			<key>fileRef</key>
			<string>3AA329FD18839F3E00548901</string>
			<key>isa</key>
			<string>PBXBuildFile</string>
		</dict>
		<key>3AA32A3618839F3F00548901</key>
		<dict>
			<key>fileRef</key>
			<string>3AA329FF18839F3E00548901</string>
			<key>isa</key>
			<string>PBXBuildFile</string>
		</dict>
		<key>3AA32A3718839F3F00548901</key>
		<dict>
			<key>fileRef</key>
			<string>3AA329FF18839F3E00548901</string>
			<key>isa</key>
			<string>PBXBuildFile</string>
		</dict>
		<key>3AA32A3818839F3F00548901</key>
		<dict>
			<key>fileRef</key>
			<string>3AA32A0218839F3E00548901</string>
			<key>isa</key>
			<string>PBXBuildFile</string>
		</dict>
		<key>3AA32A3918839F3F00548901</key>
		<dict>
			<key>fileRef</key>
			<string>3AA32A0218839F3E00548901</string>
			<key>isa</key>
			<string>PBXBuildFile</string>
		</dict>
		<key>3AA32A3A18839F3F00548901</key>
		<dict>
			<key>fileRef</key>
			<string>3AA32A0518839F3E00548901</string>
			<key>isa</key>
			<string>PBXBuildFile</string>
		</dict>
		<key>3AA32A3B18839F3F00548901</key>
		<dict>
			<key>fileRef</key>
			<string>3AA32A0518839F3E00548901</string>
			<key>isa</key>
			<string>PBXBuildFile</string>
		</dict>
		<key>3AA32A3C18839F3F00548901</key>
		<dict>
			<key>fileRef</key>
			<string>3AA32A0718839F3E00548901</string>
			<key>isa</key>
			<string>PBXBuildFile</string>
		</dict>
		<key>3AA32A3D18839F3F00548901</key>
		<dict>
			<key>fileRef</key>
			<string>3AA32A0718839F3E00548901</string>
			<key>isa</key>
			<string>PBXBuildFile</string>
		</dict>
		<key>3AA32A3E18839F3F00548901</key>
		<dict>
			<key>fileRef</key>
			<string>3AA32A0A18839F3E00548901</string>
			<key>isa</key>
			<string>PBXBuildFile</string>
		</dict>
		<key>3AA32A3F18839F3F00548901</key>
		<dict>
			<key>fileRef</key>
			<string>3AA32A0A18839F3E00548901</string>
			<key>isa</key>
			<string>PBXBuildFile</string>
		</dict>
		<key>3AA32A4018839F3F00548901</key>
		<dict>
			<key>fileRef</key>
			<string>3AA32A0D18839F3E00548901</string>
			<key>isa</key>
			<string>PBXBuildFile</string>
		</dict>
		<key>3AA32A4118839F3F00548901</key>
		<dict>
			<key>fileRef</key>
			<string>3AA32A0D18839F3E00548901</string>
			<key>isa</key>
			<string>PBXBuildFile</string>
		</dict>
		<key>3AA32A4218839F3F00548901</key>
		<dict>
			<key>fileRef</key>
			<string>3AA32A0F18839F3E00548901</string>
			<key>isa</key>
			<string>PBXBuildFile</string>
		</dict>
		<key>3AA32A4318839F3F00548901</key>
		<dict>
			<key>fileRef</key>
			<string>3AA32A0F18839F3E00548901</string>
			<key>isa</key>
			<string>PBXBuildFile</string>
		</dict>
		<key>3AA32A4418839F3F00548901</key>
		<dict>
			<key>fileRef</key>
			<string>3AA32A1118839F3E00548901</string>
			<key>isa</key>
			<string>PBXBuildFile</string>
		</dict>
		<key>3AA32A4518839F3F00548901</key>
		<dict>
			<key>fileRef</key>
			<string>3AA32A1118839F3E00548901</string>
			<key>isa</key>
			<string>PBXBuildFile</string>
		</dict>
		<key>3AA32A4618839F3F00548901</key>
		<dict>
			<key>fileRef</key>
			<string>3AA32A1318839F3E00548901</string>
			<key>isa</key>
			<string>PBXBuildFile</string>
		</dict>
		<key>3AA32A4718839F3F00548901</key>
		<dict>
			<key>fileRef</key>
			<string>3AA32A1318839F3E00548901</string>
			<key>isa</key>
			<string>PBXBuildFile</string>
		</dict>
		<key>3AA32A4818839F3F00548901</key>
		<dict>
			<key>fileRef</key>
			<string>3AA32A1618839F3E00548901</string>
			<key>isa</key>
			<string>PBXBuildFile</string>
		</dict>
		<key>3AA32A4918839F3F00548901</key>
		<dict>
			<key>fileRef</key>
			<string>3AA32A1618839F3E00548901</string>
			<key>isa</key>
			<string>PBXBuildFile</string>
		</dict>
		<key>3AA32A4A18839F3F00548901</key>
		<dict>
			<key>fileRef</key>
			<string>3AA32A1818839F3E00548901</string>
			<key>isa</key>
			<string>PBXBuildFile</string>
		</dict>
		<key>3AA32A4B18839F3F00548901</key>
		<dict>
			<key>fileRef</key>
			<string>3AA32A1818839F3E00548901</string>
			<key>isa</key>
			<string>PBXBuildFile</string>
		</dict>
		<key>3AA32A4C18839F3F00548901</key>
		<dict>
			<key>fileRef</key>
			<string>3AA32A1A18839F3E00548901</string>
			<key>isa</key>
			<string>PBXBuildFile</string>
		</dict>
		<key>3AA32A4D18839F3F00548901</key>
		<dict>
			<key>fileRef</key>
			<string>3AA32A1A18839F3E00548901</string>
			<key>isa</key>
			<string>PBXBuildFile</string>
		</dict>
		<key>3AA32A4E18839F3F00548901</key>
		<dict>
			<key>fileRef</key>
			<string>3AA32A1C18839F3E00548901</string>
			<key>isa</key>
			<string>PBXBuildFile</string>
		</dict>
		<key>3AA32A4F18839F3F00548901</key>
		<dict>
			<key>fileRef</key>
			<string>3AA32A1C18839F3E00548901</string>
			<key>isa</key>
			<string>PBXBuildFile</string>
		</dict>
		<key>3AA32A5018839F3F00548901</key>
		<dict>
			<key>fileRef</key>
			<string>3AA32A1F18839F3F00548901</string>
			<key>isa</key>
			<string>PBXBuildFile</string>
		</dict>
		<key>3AA32A5118839F3F00548901</key>
		<dict>
			<key>fileRef</key>
			<string>3AA32A1F18839F3F00548901</string>
			<key>isa</key>
			<string>PBXBuildFile</string>
		</dict>
		<key>3AA32A5618839F3F00548901</key>
		<dict>
			<key>fileRef</key>
			<string>3AA32A2A18839F3F00548901</string>
			<key>isa</key>
			<string>PBXBuildFile</string>
		</dict>
		<key>3AA32A5718839F3F00548901</key>
		<dict>
			<key>fileRef</key>
			<string>3AA32A2A18839F3F00548901</string>
			<key>isa</key>
			<string>PBXBuildFile</string>
		</dict>
		<key>3AA32A5818839F3F00548901</key>
		<dict>
			<key>fileRef</key>
			<string>3AA32A3118839F3F00548901</string>
			<key>isa</key>
			<string>PBXBuildFile</string>
		</dict>
		<key>3AA32A5918839F3F00548901</key>
		<dict>
			<key>fileRef</key>
			<string>3AA32A3118839F3F00548901</string>
			<key>isa</key>
			<string>PBXBuildFile</string>
		</dict>
		<key>3AA32A5A18839FA000548901</key>
		<dict>
			<key>children</key>
			<array>
				<string>3AA32A5B18839FA000548901</string>
				<string>3AA32A5C18839FA000548901</string>
			</array>
			<key>isa</key>
			<string>PBXGroup</string>
			<key>path</key>
			<string>Data</string>
			<key>sourceTree</key>
			<string>&lt;group&gt;</string>
		</dict>
		<key>3AA32A5B18839FA000548901</key>
		<dict>
			<key>fileEncoding</key>
			<string>4</string>
			<key>isa</key>
			<string>PBXFileReference</string>
			<key>lastKnownFileType</key>
			<string>sourcecode.c.h</string>
			<key>path</key>
			<string>AppManager.h</string>
			<key>sourceTree</key>
			<string>&lt;group&gt;</string>
		</dict>
		<key>3AA32A5C18839FA000548901</key>
		<dict>
			<key>fileEncoding</key>
			<string>4</string>
			<key>isa</key>
			<string>PBXFileReference</string>
			<key>lastKnownFileType</key>
			<string>sourcecode.c.objc</string>
			<key>path</key>
			<string>AppManager.m</string>
			<key>sourceTree</key>
			<string>&lt;group&gt;</string>
		</dict>
		<key>3AA32A6018839FA000548901</key>
		<dict>
			<key>fileRef</key>
			<string>3AA32A5C18839FA000548901</string>
			<key>isa</key>
			<string>PBXBuildFile</string>
		</dict>
		<key>3AA32A6118839FA000548901</key>
		<dict>
			<key>fileRef</key>
			<string>3AA32A5C18839FA000548901</string>
			<key>isa</key>
			<string>PBXBuildFile</string>
		</dict>
		<key>3AA32A6418839FE600548901</key>
		<dict>
			<key>fileEncoding</key>
			<string>4</string>
			<key>isa</key>
			<string>PBXFileReference</string>
			<key>lastKnownFileType</key>
			<string>sourcecode.c.h</string>
			<key>path</key>
			<string>UncaughtExceptionHandler.h</string>
			<key>sourceTree</key>
			<string>&lt;group&gt;</string>
		</dict>
		<key>3AA32A6518839FE600548901</key>
		<dict>
			<key>fileEncoding</key>
			<string>4</string>
			<key>isa</key>
			<string>PBXFileReference</string>
			<key>lastKnownFileType</key>
			<string>sourcecode.cpp.objcpp</string>
			<key>path</key>
			<string>UncaughtExceptionHandler.mm</string>
			<key>sourceTree</key>
			<string>&lt;group&gt;</string>
		</dict>
		<key>3AA32A6618839FE600548901</key>
		<dict>
			<key>fileRef</key>
			<string>3AA32A6518839FE600548901</string>
			<key>isa</key>
			<string>PBXBuildFile</string>
		</dict>
		<key>3AA32A6718839FE600548901</key>
		<dict>
			<key>fileRef</key>
			<string>3AA32A6518839FE600548901</string>
			<key>isa</key>
			<string>PBXBuildFile</string>
		</dict>
		<key>3AA32A681883A11600548901</key>
		<dict>
			<key>fileEncoding</key>
			<string>4</string>
			<key>isa</key>
			<string>PBXFileReference</string>
			<key>lastKnownFileType</key>
			<string>sourcecode.c.h</string>
			<key>path</key>
			<string>NSMutableAttributedString+Attributes.h</string>
			<key>sourceTree</key>
			<string>&lt;group&gt;</string>
		</dict>
		<key>3AA32A691883A11600548901</key>
		<dict>
			<key>fileEncoding</key>
			<string>4</string>
			<key>isa</key>
			<string>PBXFileReference</string>
			<key>lastKnownFileType</key>
			<string>sourcecode.c.objc</string>
			<key>path</key>
			<string>NSMutableAttributedString+Attributes.m</string>
			<key>sourceTree</key>
			<string>&lt;group&gt;</string>
		</dict>
		<key>3AA32A6A1883A11600548901</key>
		<dict>
			<key>fileRef</key>
			<string>3AA32A691883A11600548901</string>
			<key>isa</key>
			<string>PBXBuildFile</string>
		</dict>
		<key>3AA32A6B1883A11600548901</key>
		<dict>
			<key>fileRef</key>
			<string>3AA32A691883A11600548901</string>
			<key>isa</key>
			<string>PBXBuildFile</string>
		</dict>
		<key>4098B2DD7991419F8CF65FE8</key>
		<dict>
			<key>buildActionMask</key>
			<string>2147483647</string>
			<key>files</key>
			<array/>
			<key>inputPaths</key>
			<array/>
			<key>isa</key>
			<string>PBXShellScriptBuildPhase</string>
			<key>name</key>
			<string>Check Pods Manifest.lock</string>
			<key>outputPaths</key>
			<array/>
			<key>runOnlyForDeploymentPostprocessing</key>
			<string>0</string>
			<key>shellPath</key>
			<string>/bin/sh</string>
			<key>shellScript</key>
			<string>diff "${PODS_ROOT}/../Podfile.lock" "${PODS_ROOT}/Manifest.lock" &gt; /dev/null
if [[ $? != 0 ]] ; then
    cat &lt;&lt; EOM
error: The sandbox is not in sync with the Podfile.lock. Run 'pod install' or update your CocoaPods installation.
EOM
    exit 1
fi
</string>
			<key>showEnvVarsInLog</key>
			<string>0</string>
		</dict>
		<key>562AF8D3B6854EF6ACEF49A2</key>
		<dict>
			<key>buildActionMask</key>
			<string>2147483647</string>
			<key>files</key>
			<array/>
			<key>inputPaths</key>
			<array/>
			<key>isa</key>
			<string>PBXShellScriptBuildPhase</string>
			<key>name</key>
			<string>Copy Pods Resources</string>
			<key>outputPaths</key>
			<array/>
			<key>runOnlyForDeploymentPostprocessing</key>
			<string>0</string>
			<key>shellPath</key>
			<string>/bin/sh</string>
			<key>shellScript</key>
			<string>"${SRCROOT}/../Pods/Pods-resources.sh"
</string>
			<key>showEnvVarsInLog</key>
			<string>0</string>
		</dict>
		<key>919C961D60A644F3A8C506C0</key>
		<dict>
			<key>explicitFileType</key>
			<string>archive.ar</string>
			<key>includeInIndex</key>
			<string>0</string>
			<key>isa</key>
			<string>PBXFileReference</string>
			<key>path</key>
			<string>libPods.a</string>
			<key>sourceTree</key>
			<string>BUILT_PRODUCTS_DIR</string>
		</dict>
		<key>B39552C2B8B84D2C91958419</key>
		<dict>
			<key>fileRef</key>
			<string>919C961D60A644F3A8C506C0</string>
			<key>isa</key>
			<string>PBXBuildFile</string>
		</dict>
	</dict>
	<key>rootObject</key>
	<string>3AA329B618839EFC00548901</string>
</dict>
</plist>
